{
  "object": {
    "pins": [
      {
        "package": "Pageboy",
        "repositoryURL": "https://github.com/kfinteractive/Pageboy",
        "state": {
          "branch": "master",
          "revision": "91346ee1984dbbbd54e6b7ec85368de37a2bd1e2",
          "version": null
        }
      }
    ]
  },
  "version": 1
}
